
Microsoft Visual Studio Solution File, Format Version 12.00
# Visual Studio Version 16
VisualStudioVersion = 16.0.29503.13
MinimumVisualStudioVersion = 10.0.40219.1
Project("{9A19103F-16F7-4668-BE54-9A1E7A4F7556}") = "ToDo", "ToDo\ToDo.csproj", "{90F2898C-A79A-41D3-ADD3-3812478DABE8}"
EndProject
Project("{9A19103F-16F7-4668-BE54-9A1E7A4F7556}") = "ToDo.DataAccessModels", "ToDo.DataAccessModels\ToDo.DataAccessModels.csproj", "{2AAABD70-2F68-4BA0-954D-573FCCFD542F}"
EndProject
Project("{9A19103F-16F7-4668-BE54-9A1E7A4F7556}") = "ToDo.PresentationAdapters", "ToDo.PresentationAdapters\ToDo.PresentationAdapters.csproj", "{4FBACD28-F73E-44D1-8258-602B67B6FE59}"
EndProject
Project("{9A19103F-16F7-4668-BE54-9A1E7A4F7556}") = "ToDo.Common", "ToDo.Common\ToDo.Common.csproj", "{76F7E0D3-0883-4159-8404-E4B332419425}"
EndProject
Project("{9A19103F-16F7-4668-BE54-9A1E7A4F7556}") = "ToDo.ViewModels", "ToDo.ViewModels\ToDo.ViewModels.csproj", "{E390F41D-E64B-4768-99CD-A4BDC01A4B36}"
EndProject
Project("{9A19103F-16F7-4668-BE54-9A1E7A4F7556}") = "ToDo.BusinessLogic.Tests", "ToDo.BusinessLogic.Tests\ToDo.BusinessLogic.Tests.csproj", "{29AFAF13-65DA-44A7-88D6-FE98A554499E}"
EndProject
Project("{9A19103F-16F7-4668-BE54-9A1E7A4F7556}") = "ToDo.Tests.Core", "ToDo.Tests.Core\ToDo.Tests.Core.csproj", "{80F0F35E-2CE8-4331-9DFD-194E6720E63E}"
EndProject
Project("{9A19103F-16F7-4668-BE54-9A1E7A4F7556}") = "ToDo.Controller.Tests", "Todo.Controller.Tests\ToDo.Controller.Tests.csproj", "{5524C982-105C-4FBB-B45C-C61974BEDC37}"
EndProject
Project("{9A19103F-16F7-4668-BE54-9A1E7A4F7556}") = "ToDo.BusinessLogic", "ToDo.BusinessLogic\ToDo.BusinessLogic.csproj", "{BB45400D-53D9-4505-91DB-13571C081DDD}"
EndProject
Project("{9A19103F-16F7-4668-BE54-9A1E7A4F7556}") = "ToDo.Persistence", "ToDo.Persistence\ToDo.Persistence.csproj", "{0B64F950-2A88-4349-BD89-DC243A925589}"
EndProject
Global
	GlobalSection(SolutionConfigurationPlatforms) = preSolution
		Debug|Any CPU = Debug|Any CPU
		Release|Any CPU = Release|Any CPU
	EndGlobalSection
	GlobalSection(ProjectConfigurationPlatforms) = postSolution
		{90F2898C-A79A-41D3-ADD3-3812478DABE8}.Debug|Any CPU.ActiveCfg = Debug|Any CPU
		{90F2898C-A79A-41D3-ADD3-3812478DABE8}.Debug|Any CPU.Build.0 = Debug|Any CPU
		{90F2898C-A79A-41D3-ADD3-3812478DABE8}.Release|Any CPU.ActiveCfg = Release|Any CPU
		{90F2898C-A79A-41D3-ADD3-3812478DABE8}.Release|Any CPU.Build.0 = Release|Any CPU
		{2AAABD70-2F68-4BA0-954D-573FCCFD542F}.Debug|Any CPU.ActiveCfg = Debug|Any CPU
		{2AAABD70-2F68-4BA0-954D-573FCCFD542F}.Debug|Any CPU.Build.0 = Debug|Any CPU
		{2AAABD70-2F68-4BA0-954D-573FCCFD542F}.Release|Any CPU.ActiveCfg = Release|Any CPU
		{2AAABD70-2F68-4BA0-954D-573FCCFD542F}.Release|Any CPU.Build.0 = Release|Any CPU
		{4FBACD28-F73E-44D1-8258-602B67B6FE59}.Debug|Any CPU.ActiveCfg = Debug|Any CPU
		{4FBACD28-F73E-44D1-8258-602B67B6FE59}.Debug|Any CPU.Build.0 = Debug|Any CPU
		{4FBACD28-F73E-44D1-8258-602B67B6FE59}.Release|Any CPU.ActiveCfg = Release|Any CPU
		{4FBACD28-F73E-44D1-8258-602B67B6FE59}.Release|Any CPU.Build.0 = Release|Any CPU
		{76F7E0D3-0883-4159-8404-E4B332419425}.Debug|Any CPU.ActiveCfg = Debug|Any CPU
		{76F7E0D3-0883-4159-8404-E4B332419425}.Debug|Any CPU.Build.0 = Debug|Any CPU
		{76F7E0D3-0883-4159-8404-E4B332419425}.Release|Any CPU.ActiveCfg = Release|Any CPU
		{76F7E0D3-0883-4159-8404-E4B332419425}.Release|Any CPU.Build.0 = Release|Any CPU
		{E390F41D-E64B-4768-99CD-A4BDC01A4B36}.Debug|Any CPU.ActiveCfg = Debug|Any CPU
		{E390F41D-E64B-4768-99CD-A4BDC01A4B36}.Debug|Any CPU.Build.0 = Debug|Any CPU
		{E390F41D-E64B-4768-99CD-A4BDC01A4B36}.Release|Any CPU.ActiveCfg = Release|Any CPU
		{E390F41D-E64B-4768-99CD-A4BDC01A4B36}.Release|Any CPU.Build.0 = Release|Any CPU
		{29AFAF13-65DA-44A7-88D6-FE98A554499E}.Debug|Any CPU.ActiveCfg = Debug|Any CPU
		{29AFAF13-65DA-44A7-88D6-FE98A554499E}.Debug|Any CPU.Build.0 = Debug|Any CPU
		{29AFAF13-65DA-44A7-88D6-FE98A554499E}.Release|Any CPU.ActiveCfg = Release|Any CPU
		{29AFAF13-65DA-44A7-88D6-FE98A554499E}.Release|Any CPU.Build.0 = Release|Any CPU
		{80F0F35E-2CE8-4331-9DFD-194E6720E63E}.Debug|Any CPU.ActiveCfg = Debug|Any CPU
		{80F0F35E-2CE8-4331-9DFD-194E6720E63E}.Debug|Any CPU.Build.0 = Debug|Any CPU
		{80F0F35E-2CE8-4331-9DFD-194E6720E63E}.Release|Any CPU.ActiveCfg = Release|Any CPU
		{80F0F35E-2CE8-4331-9DFD-194E6720E63E}.Release|Any CPU.Build.0 = Release|Any CPU
		{5524C982-105C-4FBB-B45C-C61974BEDC37}.Debug|Any CPU.ActiveCfg = Debug|Any CPU
		{5524C982-105C-4FBB-B45C-C61974BEDC37}.Debug|Any CPU.Build.0 = Debug|Any CPU
		{5524C982-105C-4FBB-B45C-C61974BEDC37}.Release|Any CPU.ActiveCfg = Release|Any CPU
		{5524C982-105C-4FBB-B45C-C61974BEDC37}.Release|Any CPU.Build.0 = Release|Any CPU
		{BB45400D-53D9-4505-91DB-13571C081DDD}.Debug|Any CPU.ActiveCfg = Debug|Any CPU
		{BB45400D-53D9-4505-91DB-13571C081DDD}.Debug|Any CPU.Build.0 = Debug|Any CPU
		{BB45400D-53D9-4505-91DB-13571C081DDD}.Release|Any CPU.ActiveCfg = Release|Any CPU
		{BB45400D-53D9-4505-91DB-13571C081DDD}.Release|Any CPU.Build.0 = Release|Any CPU
		{0B64F950-2A88-4349-BD89-DC243A925589}.Debug|Any CPU.ActiveCfg = Debug|Any CPU
		{0B64F950-2A88-4349-BD89-DC243A925589}.Debug|Any CPU.Build.0 = Debug|Any CPU
		{0B64F950-2A88-4349-BD89-DC243A925589}.Release|Any CPU.ActiveCfg = Release|Any CPU
		{0B64F950-2A88-4349-BD89-DC243A925589}.Release|Any CPU.Build.0 = Release|Any CPU
	EndGlobalSection
	GlobalSection(SolutionProperties) = preSolution
		HideSolutionNode = FALSE
	EndGlobalSection
	GlobalSection(ExtensibilityGlobals) = postSolution
		SolutionGuid = {83EEAA18-8BD8-4E11-8DA1-FBB8017BA2BF}
	EndGlobalSection
EndGlobal
